
Microsoft Visual Studio Solution File, Format Version 12.00
# Visual Studio 15
VisualStudioVersion = 15.0.27004.2006
MinimumVisualStudioVersion = 10.0.40219.1
Project("{2150E333-8FDC-42A3-9474-1A3956D46DE8}") = "10 - Lib", "10 - Lib", "{58B2D692-2566-4C79-B826-0A2ABE91556A}"
EndProject
Project("{2150E333-8FDC-42A3-9474-1A3956D46DE8}") = "30 - Data", "30 - Data", "{4363DC6E-A8B9-4A8C-9AF9-2043C9216F05}"
EndProject
Project("{2150E333-8FDC-42A3-9474-1A3956D46DE8}") = "40 - Logic", "40 - Logic", "{7528A0E7-427E-4E39-903F-CC8AF85F7A79}"
EndProject
Project("{2150E333-8FDC-42A3-9474-1A3956D46DE8}") = "20 - Contracts", "20 - Contracts", "{AD036BCE-DC1E-4D5C-AE74-3E5B53B05A35}"
EndProject
Project("{2150E333-8FDC-42A3-9474-1A3956D46DE8}") = "50 - Services", "50 - Services", "{1BFFFFC9-4899-410B-86FB-31C8BE95D2E1}"
EndProject
Project("{2150E333-8FDC-42A3-9474-1A3956D46DE8}") = "60 - Presentation", "60 - Presentation", "{9AE96CBD-7DD8-404D-8599-3531CB32D395}"
EndProject
Project("{2150E333-8FDC-42A3-9474-1A3956D46DE8}") = "Web", "Web", "{1F07BAB9-83EC-4D92-97D3-2D031BB15B3D}"
EndProject
Project("{9A19103F-16F7-4668-BE54-9A1E7A4F7556}") = "WebApp", "PL\Web\WebApp\WebApp.csproj", "{F1DD606B-DC78-4872-956D-3ECEBC4933D4}"
EndProject
Project("{9A19103F-16F7-4668-BE54-9A1E7A4F7556}") = "Models", "CL\Models\Models.csproj", "{7E6383D5-6D4C-4A75-B090-001ED539ED16}"
EndProject
Project("{9A19103F-16F7-4668-BE54-9A1E7A4F7556}") = "Interfaces", "CL\Interfaces\Interfaces.csproj", "{BDA5E8F7-8FC0-4AEE-A92E-4CB7BA7F753F}"
EndProject
Project("{9A19103F-16F7-4668-BE54-9A1E7A4F7556}") = "BusinessLogic", "BL\BusinessLogic\BusinessLogic.csproj", "{EB4087CA-57A5-4746-AA58-738678090F3D}"
EndProject
Project("{2150E333-8FDC-42A3-9474-1A3956D46DE8}") = "Logic.Tests", "Logic.Tests", "{4D3BCE3D-C35B-4032-8E14-C5EAF7E46B76}"
EndProject
Project("{FAE04EC0-301F-11D3-BF4B-00C04F79EFBC}") = "Logic.Tests", "BL\Logic.Tests\Logic.Tests.csproj", "{7D396341-3750-497D-A7C3-17AA22360186}"
EndProject
Project("{FAE04EC0-301F-11D3-BF4B-00C04F79EFBC}") = "Repositories", "DAL\Repositories\Repositories.csproj", "{D543A18B-E487-45C4-A254-365AF3116B28}"
EndProject
Project("{9A19103F-16F7-4668-BE54-9A1E7A4F7556}") = "RestService", "SL\RestService\RestService.csproj", "{C9C995A6-A4FA-430F-AA4C-03E88761708B}"
EndProject
Project("{2150E333-8FDC-42A3-9474-1A3956D46DE8}") = "Lib", "Lib", "{B675941D-0275-41D8-B21B-AC4D4F79C8D4}"
EndProject
Project("{FAE04EC0-301F-11D3-BF4B-00C04F79EFBC}") = "Common", "PL\Lib\Common\Common.csproj", "{B6C23AA1-9F15-4F15-A698-1B50EDA13EA3}"
EndProject
Global
	GlobalSection(SolutionConfigurationPlatforms) = preSolution
		Debug|Any CPU = Debug|Any CPU
		Release|Any CPU = Release|Any CPU
	EndGlobalSection
	GlobalSection(ProjectConfigurationPlatforms) = postSolution
		{F1DD606B-DC78-4872-956D-3ECEBC4933D4}.Debug|Any CPU.ActiveCfg = Debug|Any CPU
		{F1DD606B-DC78-4872-956D-3ECEBC4933D4}.Debug|Any CPU.Build.0 = Debug|Any CPU
		{F1DD606B-DC78-4872-956D-3ECEBC4933D4}.Release|Any CPU.ActiveCfg = Release|Any CPU
		{F1DD606B-DC78-4872-956D-3ECEBC4933D4}.Release|Any CPU.Build.0 = Release|Any CPU
		{7E6383D5-6D4C-4A75-B090-001ED539ED16}.Debug|Any CPU.ActiveCfg = Debug|Any CPU
		{7E6383D5-6D4C-4A75-B090-001ED539ED16}.Debug|Any CPU.Build.0 = Debug|Any CPU
		{7E6383D5-6D4C-4A75-B090-001ED539ED16}.Release|Any CPU.ActiveCfg = Release|Any CPU
		{7E6383D5-6D4C-4A75-B090-001ED539ED16}.Release|Any CPU.Build.0 = Release|Any CPU
		{BDA5E8F7-8FC0-4AEE-A92E-4CB7BA7F753F}.Debug|Any CPU.ActiveCfg = Debug|Any CPU
		{BDA5E8F7-8FC0-4AEE-A92E-4CB7BA7F753F}.Debug|Any CPU.Build.0 = Debug|Any CPU
		{BDA5E8F7-8FC0-4AEE-A92E-4CB7BA7F753F}.Release|Any CPU.ActiveCfg = Release|Any CPU
		{BDA5E8F7-8FC0-4AEE-A92E-4CB7BA7F753F}.Release|Any CPU.Build.0 = Release|Any CPU
		{EB4087CA-57A5-4746-AA58-738678090F3D}.Debug|Any CPU.ActiveCfg = Debug|Any CPU
		{EB4087CA-57A5-4746-AA58-738678090F3D}.Debug|Any CPU.Build.0 = Debug|Any CPU
		{EB4087CA-57A5-4746-AA58-738678090F3D}.Release|Any CPU.ActiveCfg = Release|Any CPU
		{EB4087CA-57A5-4746-AA58-738678090F3D}.Release|Any CPU.Build.0 = Release|Any CPU
		{7D396341-3750-497D-A7C3-17AA22360186}.Debug|Any CPU.ActiveCfg = Debug|Any CPU
		{7D396341-3750-497D-A7C3-17AA22360186}.Debug|Any CPU.Build.0 = Debug|Any CPU
		{7D396341-3750-497D-A7C3-17AA22360186}.Release|Any CPU.ActiveCfg = Release|Any CPU
		{7D396341-3750-497D-A7C3-17AA22360186}.Release|Any CPU.Build.0 = Release|Any CPU
		{D543A18B-E487-45C4-A254-365AF3116B28}.Debug|Any CPU.ActiveCfg = Debug|Any CPU
		{D543A18B-E487-45C4-A254-365AF3116B28}.Debug|Any CPU.Build.0 = Debug|Any CPU
		{D543A18B-E487-45C4-A254-365AF3116B28}.Release|Any CPU.ActiveCfg = Release|Any CPU
		{D543A18B-E487-45C4-A254-365AF3116B28}.Release|Any CPU.Build.0 = Release|Any CPU
		{C9C995A6-A4FA-430F-AA4C-03E88761708B}.Debug|Any CPU.ActiveCfg = Debug|Any CPU
		{C9C995A6-A4FA-430F-AA4C-03E88761708B}.Debug|Any CPU.Build.0 = Debug|Any CPU
		{C9C995A6-A4FA-430F-AA4C-03E88761708B}.Release|Any CPU.ActiveCfg = Release|Any CPU
		{C9C995A6-A4FA-430F-AA4C-03E88761708B}.Release|Any CPU.Build.0 = Release|Any CPU
		{B6C23AA1-9F15-4F15-A698-1B50EDA13EA3}.Debug|Any CPU.ActiveCfg = Debug|Any CPU
		{B6C23AA1-9F15-4F15-A698-1B50EDA13EA3}.Debug|Any CPU.Build.0 = Debug|Any CPU
		{B6C23AA1-9F15-4F15-A698-1B50EDA13EA3}.Release|Any CPU.ActiveCfg = Release|Any CPU
		{B6C23AA1-9F15-4F15-A698-1B50EDA13EA3}.Release|Any CPU.Build.0 = Release|Any CPU
	EndGlobalSection
	GlobalSection(SolutionProperties) = preSolution
		HideSolutionNode = FALSE
	EndGlobalSection
	GlobalSection(NestedProjects) = preSolution
		{1F07BAB9-83EC-4D92-97D3-2D031BB15B3D} = {9AE96CBD-7DD8-404D-8599-3531CB32D395}
		{F1DD606B-DC78-4872-956D-3ECEBC4933D4} = {1F07BAB9-83EC-4D92-97D3-2D031BB15B3D}
		{7E6383D5-6D4C-4A75-B090-001ED539ED16} = {AD036BCE-DC1E-4D5C-AE74-3E5B53B05A35}
		{BDA5E8F7-8FC0-4AEE-A92E-4CB7BA7F753F} = {AD036BCE-DC1E-4D5C-AE74-3E5B53B05A35}
		{EB4087CA-57A5-4746-AA58-738678090F3D} = {7528A0E7-427E-4E39-903F-CC8AF85F7A79}
		{4D3BCE3D-C35B-4032-8E14-C5EAF7E46B76} = {7528A0E7-427E-4E39-903F-CC8AF85F7A79}
		{7D396341-3750-497D-A7C3-17AA22360186} = {4D3BCE3D-C35B-4032-8E14-C5EAF7E46B76}
		{D543A18B-E487-45C4-A254-365AF3116B28} = {4363DC6E-A8B9-4A8C-9AF9-2043C9216F05}
		{C9C995A6-A4FA-430F-AA4C-03E88761708B} = {1BFFFFC9-4899-410B-86FB-31C8BE95D2E1}
		{B675941D-0275-41D8-B21B-AC4D4F79C8D4} = {9AE96CBD-7DD8-404D-8599-3531CB32D395}
		{B6C23AA1-9F15-4F15-A698-1B50EDA13EA3} = {B675941D-0275-41D8-B21B-AC4D4F79C8D4}
	EndGlobalSection
	GlobalSection(ExtensibilityGlobals) = postSolution
		SolutionGuid = {BA6C6939-6310-4890-A825-6DC86E04A240}
	EndGlobalSection
EndGlobal
