
Microsoft Visual Studio Solution File, Format Version 12.00
# Visual Studio 15
VisualStudioVersion = 15.0.27130.2024
MinimumVisualStudioVersion = 10.0.40219.1
Project("{FAE04EC0-301F-11D3-BF4B-00C04F79EFBC}") = "HelloMvcNet", "HelloMvcNet\HelloMvcNet.csproj", "{56CEDDB4-9F23-4258-A478-730C54A0F32F}"
EndProject
Project("{FAE04EC0-301F-11D3-BF4B-00C04F79EFBC}") = "HelloMvcCore", "HelloMvcCore\HelloMvcCore.csproj", "{90EAA4B0-D707-483D-BF01-E2CD9E405EBF}"
EndProject
Global
	GlobalSection(SolutionConfigurationPlatforms) = preSolution
		Debug|Any CPU = Debug|Any CPU
		Release|Any CPU = Release|Any CPU
	EndGlobalSection
	GlobalSection(ProjectConfigurationPlatforms) = postSolution
		{56CEDDB4-9F23-4258-A478-730C54A0F32F}.Debug|Any CPU.ActiveCfg = Debug|Any CPU
		{56CEDDB4-9F23-4258-A478-730C54A0F32F}.Debug|Any CPU.Build.0 = Debug|Any CPU
		{56CEDDB4-9F23-4258-A478-730C54A0F32F}.Release|Any CPU.ActiveCfg = Release|Any CPU
		{56CEDDB4-9F23-4258-A478-730C54A0F32F}.Release|Any CPU.Build.0 = Release|Any CPU
		{90EAA4B0-D707-483D-BF01-E2CD9E405EBF}.Debug|Any CPU.ActiveCfg = Debug|Any CPU
		{90EAA4B0-D707-483D-BF01-E2CD9E405EBF}.Debug|Any CPU.Build.0 = Debug|Any CPU
		{90EAA4B0-D707-483D-BF01-E2CD9E405EBF}.Release|Any CPU.ActiveCfg = Release|Any CPU
		{90EAA4B0-D707-483D-BF01-E2CD9E405EBF}.Release|Any CPU.Build.0 = Release|Any CPU
	EndGlobalSection
	GlobalSection(SolutionProperties) = preSolution
		HideSolutionNode = FALSE
	EndGlobalSection
	GlobalSection(ExtensibilityGlobals) = postSolution
		SolutionGuid = {4CD36B8C-570B-4C2E-869E-FBAFE9802AF4}
	EndGlobalSection
EndGlobal
