
Microsoft Visual Studio Solution File, Format Version 12.00
# Visual Studio 15
VisualStudioVersion = 15.0.27130.2024
MinimumVisualStudioVersion = 10.0.40219.1
Project("{FAE04EC0-301F-11D3-BF4B-00C04F79EFBC}") = "RefitService", "RefitService\RefitService.csproj", "{23262409-EA2F-4BC5-BEDA-53268373B8B0}"
EndProject
Project("{FAE04EC0-301F-11D3-BF4B-00C04F79EFBC}") = "RefitClient", "RefitClient\RefitClient.csproj", "{F1E7CC91-54EA-4EFF-8946-F31804A3E0F8}"
EndProject
Project("{FAE04EC0-301F-11D3-BF4B-00C04F79EFBC}") = "RefitContracts", "RefitContracts\RefitContracts.csproj", "{4242D32D-3A0A-475D-9484-FFB0AB9F76F0}"
EndProject
Global
	GlobalSection(SolutionConfigurationPlatforms) = preSolution
		Debug|Any CPU = Debug|Any CPU
		Release|Any CPU = Release|Any CPU
	EndGlobalSection
	GlobalSection(ProjectConfigurationPlatforms) = postSolution
		{23262409-EA2F-4BC5-BEDA-53268373B8B0}.Debug|Any CPU.ActiveCfg = Debug|Any CPU
		{23262409-EA2F-4BC5-BEDA-53268373B8B0}.Debug|Any CPU.Build.0 = Debug|Any CPU
		{23262409-EA2F-4BC5-BEDA-53268373B8B0}.Release|Any CPU.ActiveCfg = Release|Any CPU
		{23262409-EA2F-4BC5-BEDA-53268373B8B0}.Release|Any CPU.Build.0 = Release|Any CPU
		{F1E7CC91-54EA-4EFF-8946-F31804A3E0F8}.Debug|Any CPU.ActiveCfg = Debug|Any CPU
		{F1E7CC91-54EA-4EFF-8946-F31804A3E0F8}.Debug|Any CPU.Build.0 = Debug|Any CPU
		{F1E7CC91-54EA-4EFF-8946-F31804A3E0F8}.Release|Any CPU.ActiveCfg = Release|Any CPU
		{F1E7CC91-54EA-4EFF-8946-F31804A3E0F8}.Release|Any CPU.Build.0 = Release|Any CPU
		{4242D32D-3A0A-475D-9484-FFB0AB9F76F0}.Debug|Any CPU.ActiveCfg = Debug|Any CPU
		{4242D32D-3A0A-475D-9484-FFB0AB9F76F0}.Debug|Any CPU.Build.0 = Debug|Any CPU
		{4242D32D-3A0A-475D-9484-FFB0AB9F76F0}.Release|Any CPU.ActiveCfg = Release|Any CPU
		{4242D32D-3A0A-475D-9484-FFB0AB9F76F0}.Release|Any CPU.Build.0 = Release|Any CPU
	EndGlobalSection
	GlobalSection(SolutionProperties) = preSolution
		HideSolutionNode = FALSE
	EndGlobalSection
	GlobalSection(ExtensibilityGlobals) = postSolution
		SolutionGuid = {B8217BDB-1FAD-49EA-8F83-0EA2477295A6}
	EndGlobalSection
EndGlobal
