
Microsoft Visual Studio Solution File, Format Version 12.00
# Visual Studio 15
VisualStudioVersion = 15.0.27130.2024
MinimumVisualStudioVersion = 10.0.40219.1
Project("{2150E333-8FDC-42A3-9474-1A3956D46DE8}") = "10 - Lib", "10 - Lib", "{1EF33BF1-5E82-48F4-9BE6-95A01BB2AD21}"
EndProject
Project("{2150E333-8FDC-42A3-9474-1A3956D46DE8}") = "20 - CL", "20 - CL", "{FC7D76B1-A091-4331-97D4-D769140BC051}"
EndProject
Project("{2150E333-8FDC-42A3-9474-1A3956D46DE8}") = "30 - DAL", "30 - DAL", "{E1F0A2E9-D225-405F-A206-8BE89BA6BCAF}"
EndProject
Project("{2150E333-8FDC-42A3-9474-1A3956D46DE8}") = "40 - BL", "40 - BL", "{71548DDD-F807-428E-9C50-159AF13A41FB}"
EndProject
Project("{2150E333-8FDC-42A3-9474-1A3956D46DE8}") = "50 - SL", "50 - SL", "{AE1B84FC-DE72-4415-81E8-6D301394B060}"
EndProject
Project("{2150E333-8FDC-42A3-9474-1A3956D46DE8}") = "60 - PL", "60 - PL", "{8EFB624E-35D9-46DE-8951-C2DF6B4E7A91}"
EndProject
Project("{2150E333-8FDC-42A3-9474-1A3956D46DE8}") = "Web", "Web", "{331F47FD-D6F2-4F3E-AE34-743051782F0B}"
EndProject
Project("{FAE04EC0-301F-11D3-BF4B-00C04F79EFBC}") = "Southwind.NetMvcClient", "PL\Web\Southwind.NetMvcClient\Southwind.NetMvcClient.csproj", "{0BBEC4E2-9F29-4A2D-86E1-FBBA2505E6BC}"
EndProject
Project("{9A19103F-16F7-4668-BE54-9A1E7A4F7556}") = "Southwind.Models", "CL\Southwind.Models\Southwind.Models.csproj", "{32B7D354-2180-4FCD-9F93-4F63FC845D1D}"
EndProject
Project("{9A19103F-16F7-4668-BE54-9A1E7A4F7556}") = "Southwind.Interfaces", "CL\Southwind.Interfaces\Southwind.Interfaces.csproj", "{ED8C791C-E41B-4B9A-A0E2-AC776C7ACC1E}"
EndProject
Project("{FAE04EC0-301F-11D3-BF4B-00C04F79EFBC}") = "Southwind.BusinessObjects", "BL\Southwind.BusinessObjects\Southwind.BusinessObjects.csproj", "{31AFA579-8080-470A-B1D2-F773485F16FE}"
EndProject
Project("{FAE04EC0-301F-11D3-BF4B-00C04F79EFBC}") = "Southwind.BusinessObjects.Tests", "BL\Southwind.BusinessObjects.Tests\Southwind.BusinessObjects.Tests.csproj", "{A5E3A33C-2855-45E8-A453-1E9208A3D63C}"
EndProject
Project("{FAE04EC0-301F-11D3-BF4B-00C04F79EFBC}") = "Southwind.DataAccess", "DAL\Southwind.DataAccess\Southwind.DataAccess.csproj", "{1A73D52D-551A-4C02-B0DA-C617E8276EC0}"
EndProject
Project("{FAE04EC0-301F-11D3-BF4B-00C04F79EFBC}") = "Southwind.ModelGenerator", "DAL\Southwind.ModelGenerator\Southwind.ModelGenerator.csproj", "{4DE1A43A-D7F8-4560-B3E4-E67D0ED347DB}"
EndProject
Project("{FAE04EC0-301F-11D3-BF4B-00C04F79EFBC}") = "Southwind.DataAccess.Tests", "DAL\Southwind.DataAccess.Tests\Southwind.DataAccess.Tests.csproj", "{79776085-B959-446A-8ED3-3BE29C5D6134}"
EndProject
Project("{9A19103F-16F7-4668-BE54-9A1E7A4F7556}") = "Southwind.RestApi", "SL\Southwind.RestApi\Southwind.RestApi.csproj", "{BBD0CA08-7FB9-4F86-80BA-770E9882EAB1}"
EndProject
Project("{9A19103F-16F7-4668-BE54-9A1E7A4F7556}") = "Southwind.CommonLib", "PL\Southwind.CommonLib\Southwind.CommonLib.csproj", "{65B09499-DD1A-4396-93D3-135474B5B955}"
EndProject
Global
	GlobalSection(SolutionConfigurationPlatforms) = preSolution
		Debug|Any CPU = Debug|Any CPU
		Release|Any CPU = Release|Any CPU
	EndGlobalSection
	GlobalSection(ProjectConfigurationPlatforms) = postSolution
		{0BBEC4E2-9F29-4A2D-86E1-FBBA2505E6BC}.Debug|Any CPU.ActiveCfg = Debug|Any CPU
		{0BBEC4E2-9F29-4A2D-86E1-FBBA2505E6BC}.Debug|Any CPU.Build.0 = Debug|Any CPU
		{0BBEC4E2-9F29-4A2D-86E1-FBBA2505E6BC}.Release|Any CPU.ActiveCfg = Release|Any CPU
		{0BBEC4E2-9F29-4A2D-86E1-FBBA2505E6BC}.Release|Any CPU.Build.0 = Release|Any CPU
		{32B7D354-2180-4FCD-9F93-4F63FC845D1D}.Debug|Any CPU.ActiveCfg = Debug|Any CPU
		{32B7D354-2180-4FCD-9F93-4F63FC845D1D}.Debug|Any CPU.Build.0 = Debug|Any CPU
		{32B7D354-2180-4FCD-9F93-4F63FC845D1D}.Release|Any CPU.ActiveCfg = Release|Any CPU
		{32B7D354-2180-4FCD-9F93-4F63FC845D1D}.Release|Any CPU.Build.0 = Release|Any CPU
		{ED8C791C-E41B-4B9A-A0E2-AC776C7ACC1E}.Debug|Any CPU.ActiveCfg = Debug|Any CPU
		{ED8C791C-E41B-4B9A-A0E2-AC776C7ACC1E}.Debug|Any CPU.Build.0 = Debug|Any CPU
		{ED8C791C-E41B-4B9A-A0E2-AC776C7ACC1E}.Release|Any CPU.ActiveCfg = Release|Any CPU
		{ED8C791C-E41B-4B9A-A0E2-AC776C7ACC1E}.Release|Any CPU.Build.0 = Release|Any CPU
		{31AFA579-8080-470A-B1D2-F773485F16FE}.Debug|Any CPU.ActiveCfg = Debug|Any CPU
		{31AFA579-8080-470A-B1D2-F773485F16FE}.Debug|Any CPU.Build.0 = Debug|Any CPU
		{31AFA579-8080-470A-B1D2-F773485F16FE}.Release|Any CPU.ActiveCfg = Release|Any CPU
		{31AFA579-8080-470A-B1D2-F773485F16FE}.Release|Any CPU.Build.0 = Release|Any CPU
		{A5E3A33C-2855-45E8-A453-1E9208A3D63C}.Debug|Any CPU.ActiveCfg = Debug|Any CPU
		{A5E3A33C-2855-45E8-A453-1E9208A3D63C}.Debug|Any CPU.Build.0 = Debug|Any CPU
		{A5E3A33C-2855-45E8-A453-1E9208A3D63C}.Release|Any CPU.ActiveCfg = Release|Any CPU
		{A5E3A33C-2855-45E8-A453-1E9208A3D63C}.Release|Any CPU.Build.0 = Release|Any CPU
		{1A73D52D-551A-4C02-B0DA-C617E8276EC0}.Debug|Any CPU.ActiveCfg = Debug|Any CPU
		{1A73D52D-551A-4C02-B0DA-C617E8276EC0}.Debug|Any CPU.Build.0 = Debug|Any CPU
		{1A73D52D-551A-4C02-B0DA-C617E8276EC0}.Release|Any CPU.ActiveCfg = Release|Any CPU
		{1A73D52D-551A-4C02-B0DA-C617E8276EC0}.Release|Any CPU.Build.0 = Release|Any CPU
		{4DE1A43A-D7F8-4560-B3E4-E67D0ED347DB}.Debug|Any CPU.ActiveCfg = Debug|Any CPU
		{4DE1A43A-D7F8-4560-B3E4-E67D0ED347DB}.Debug|Any CPU.Build.0 = Debug|Any CPU
		{4DE1A43A-D7F8-4560-B3E4-E67D0ED347DB}.Release|Any CPU.ActiveCfg = Release|Any CPU
		{4DE1A43A-D7F8-4560-B3E4-E67D0ED347DB}.Release|Any CPU.Build.0 = Release|Any CPU
		{79776085-B959-446A-8ED3-3BE29C5D6134}.Debug|Any CPU.ActiveCfg = Debug|Any CPU
		{79776085-B959-446A-8ED3-3BE29C5D6134}.Debug|Any CPU.Build.0 = Debug|Any CPU
		{79776085-B959-446A-8ED3-3BE29C5D6134}.Release|Any CPU.ActiveCfg = Release|Any CPU
		{79776085-B959-446A-8ED3-3BE29C5D6134}.Release|Any CPU.Build.0 = Release|Any CPU
		{BBD0CA08-7FB9-4F86-80BA-770E9882EAB1}.Debug|Any CPU.ActiveCfg = Debug|Any CPU
		{BBD0CA08-7FB9-4F86-80BA-770E9882EAB1}.Debug|Any CPU.Build.0 = Debug|Any CPU
		{BBD0CA08-7FB9-4F86-80BA-770E9882EAB1}.Release|Any CPU.ActiveCfg = Release|Any CPU
		{BBD0CA08-7FB9-4F86-80BA-770E9882EAB1}.Release|Any CPU.Build.0 = Release|Any CPU
		{65B09499-DD1A-4396-93D3-135474B5B955}.Debug|Any CPU.ActiveCfg = Debug|Any CPU
		{65B09499-DD1A-4396-93D3-135474B5B955}.Debug|Any CPU.Build.0 = Debug|Any CPU
		{65B09499-DD1A-4396-93D3-135474B5B955}.Release|Any CPU.ActiveCfg = Release|Any CPU
		{65B09499-DD1A-4396-93D3-135474B5B955}.Release|Any CPU.Build.0 = Release|Any CPU
	EndGlobalSection
	GlobalSection(SolutionProperties) = preSolution
		HideSolutionNode = FALSE
	EndGlobalSection
	GlobalSection(NestedProjects) = preSolution
		{331F47FD-D6F2-4F3E-AE34-743051782F0B} = {8EFB624E-35D9-46DE-8951-C2DF6B4E7A91}
		{0BBEC4E2-9F29-4A2D-86E1-FBBA2505E6BC} = {331F47FD-D6F2-4F3E-AE34-743051782F0B}
		{32B7D354-2180-4FCD-9F93-4F63FC845D1D} = {FC7D76B1-A091-4331-97D4-D769140BC051}
		{ED8C791C-E41B-4B9A-A0E2-AC776C7ACC1E} = {FC7D76B1-A091-4331-97D4-D769140BC051}
		{31AFA579-8080-470A-B1D2-F773485F16FE} = {71548DDD-F807-428E-9C50-159AF13A41FB}
		{A5E3A33C-2855-45E8-A453-1E9208A3D63C} = {71548DDD-F807-428E-9C50-159AF13A41FB}
		{1A73D52D-551A-4C02-B0DA-C617E8276EC0} = {E1F0A2E9-D225-405F-A206-8BE89BA6BCAF}
		{4DE1A43A-D7F8-4560-B3E4-E67D0ED347DB} = {E1F0A2E9-D225-405F-A206-8BE89BA6BCAF}
		{79776085-B959-446A-8ED3-3BE29C5D6134} = {E1F0A2E9-D225-405F-A206-8BE89BA6BCAF}
		{BBD0CA08-7FB9-4F86-80BA-770E9882EAB1} = {AE1B84FC-DE72-4415-81E8-6D301394B060}
		{65B09499-DD1A-4396-93D3-135474B5B955} = {8EFB624E-35D9-46DE-8951-C2DF6B4E7A91}
	EndGlobalSection
	GlobalSection(ExtensibilityGlobals) = postSolution
		SolutionGuid = {A4616FE7-81CA-4345-842C-1FCD7A76571C}
	EndGlobalSection
EndGlobal
